Microsoft Visual Studio Solution File, Format Version 11.00
# Visual Studio 2008

Project("{85CCBCB7-3043-8FB6-C9D2-4AE572F12C48}") = "3DUIContest", "Assembly-CSharp.csproj", "{EFA80484-A06D-0FA4-3A1B-3FEEB1CCFF27}"
EndProject
Global
	GlobalSection(SolutionConfigurationPlatforms) = preSolution
		Debug|Any CPU = Debug|Any CPU
		Release|Any CPU = Release|Any CPU
	EndGlobalSection
	GlobalSection(ProjectConfigurationPlatforms) = postSolution
		{EFA80484-A06D-0FA4-3A1B-3FEEB1CCFF27}.Debug|Any CPU.ActiveCfg = Debug|Any CPU
		{EFA80484-A06D-0FA4-3A1B-3FEEB1CCFF27}.Debug|Any CPU.Build.0 = Debug|Any CPU
		{EFA80484-A06D-0FA4-3A1B-3FEEB1CCFF27}.Release|Any CPU.ActiveCfg = Release|Any CPU
		{EFA80484-A06D-0FA4-3A1B-3FEEB1CCFF27}.Release|Any CPU.Build.0 = Release|Any CPU
	EndGlobalSection
	GlobalSection(SolutionProperties) = preSolution
		HideSolutionNode = FALSE
	EndGlobalSection
																																																													GlobalSection(MonoDevelopProperties) = preSolution
		StartupItem = Assembly-CSharp.csproj
		Policies = $0
		$0.TextStylePolicy = $1
		$1.inheritsSet = null
		$1.scope = text/x-csharp
		$0.CSharpFormattingPolicy = $2
		$2.inheritsSet = Mono
		$2.inheritsScope = text/x-csharp
		$2.scope = text/x-csharp
		$0.TextStylePolicy = $3
		$3.FileWidth = 120
		$3.TabWidth = 4
		$3.EolMarker = Unix
		$3.inheritsSet = Mono
		$3.inheritsScope = text/plain
		$3.scope = text/plain
	EndGlobalSection

EndGlobal
